{
  "nodes": {
    "devenv": {
      "locked": {
        "dir": "src/modules",
        "lastModified": 1773487113,
        "narHash": "sha256-JOelki93tHJLXd+jwyzxoTcCLQdG934Nq88WUoNN3+w=",
        "owner": "cachix",
        "repo": "devenv",
        "rev": "f54b5add9b4c4cfb2d293748e8a6034b640f48b8",
        "type": "github"
      },
      "original": {
        "dir": "src/modules",
        "owner": "cachix",
        "repo": "devenv",
        "type": "github"
      }
    },
    "jail-nix": {
      "locked": {
        "lastModified": 1770418571,
        "narHash": "sha256-EzQUbe1gwW/xpJoMuMeblWcjAEF+F92cz/enz0Mz/qo=",
        "owner": "~alexdavid",
        "repo": "jail.nix",
        "rev": "c141cf8cc68617625b4a28a7d8ce0a35904815d5",
        "type": "sourcehut"
      },
      "original": {
        "owner": "~alexdavid",
        "repo": "jail.nix",
        "type": "sourcehut"
      }
    },
    "nixpkgs": {
      "locked": {
        "lastModified": 1773497919,
        "narHash": "sha256-r9m3wwYrI50r35G8VsHsqds33es7th6sCgcOOZm9jKc=",
        "owner": "nixos",
        "repo": "nixpkgs",
        "rev": "ca82feec736331f4c438121a994344e08ed547f5",
        "type": "github"
      },
      "original": {
        "owner": "nixos",
        "repo": "nixpkgs",
        "type": "github"
      }
    },
    "root": {
      "inputs": {
        "devenv": "devenv",
        "jail-nix": "jail-nix",
        "nixpkgs": "nixpkgs"
      }
    }
  },
  "root": "root",
  "version": 7
}